
Microsoft Visual Studio Solution File, Format Version 12.00
# Visual Studio Version 16
VisualStudioVersion = 16.0.32901.82
MinimumVisualStudioVersion = 10.0.40219.1
Project("{FAE04EC0-301F-11D3-BF4B-00C04F79EFBC}") = "lec13 ex6", "lec13 ex6\lec13 ex6.csproj", "{789AAA13-CA61-46DB-B40D-1E3506BF2F32}"
EndProject
Global
	GlobalSection(SolutionConfigurationPlatforms) = preSolution
		Debug|Any CPU = Debug|Any CPU
		Release|Any CPU = Release|Any CPU
	EndGlobalSection
	GlobalSection(ProjectConfigurationPlatforms) = postSolution
		{789AAA13-CA61-46DB-B40D-1E3506BF2F32}.Debug|Any CPU.ActiveCfg = Debug|Any CPU
		{789AAA13-CA61-46DB-B40D-1E3506BF2F32}.Debug|Any CPU.Build.0 = Debug|Any CPU
		{789AAA13-CA61-46DB-B40D-1E3506BF2F32}.Release|Any CPU.ActiveCfg = Release|Any CPU
		{789AAA13-CA61-46DB-B40D-1E3506BF2F32}.Release|Any CPU.Build.0 = Release|Any CPU
	EndGlobalSection
	GlobalSection(SolutionProperties) = preSolution
		HideSolutionNode = FALSE
	EndGlobalSection
	GlobalSection(ExtensibilityGlobals) = postSolution
		SolutionGuid = {5ED086F4-CA1B-41C7-9F73-1B5CBE528059}
	EndGlobalSection
EndGlobal
